
Microsoft Visual Studio Solution File, Format Version 12.00
# Visual Studio Version 17
VisualStudioVersion = 17.8.34525.116
MinimumVisualStudioVersion = 10.0.40219.1
Project("{FAE04EC0-301F-11D3-BF4B-00C04F79EFBC}") = "TextToSpeechApp", "TextToSpeechApp.csproj", "{A49A2058-2FA3-4B4B-912E-BBDC5017CFAE}"
EndProject
Global
	GlobalSection(SolutionConfigurationPlatforms) = preSolution
		Debug|Any CPU = Debug|Any CPU
		Release|Any CPU = Release|Any CPU
	EndGlobalSection
	GlobalSection(ProjectConfigurationPlatforms) = postSolution
		{A49A2058-2FA3-4B4B-912E-BBDC5017CFAE}.Debug|Any CPU.ActiveCfg = Debug|Any CPU
		{A49A2058-2FA3-4B4B-912E-BBDC5017CFAE}.Debug|Any CPU.Build.0 = Debug|Any CPU
		{A49A2058-2FA3-4B4B-912E-BBDC5017CFAE}.Release|Any CPU.ActiveCfg = Release|Any CPU
		{A49A2058-2FA3-4B4B-912E-BBDC5017CFAE}.Release|Any CPU.Build.0 = Release|Any CPU
	EndGlobalSection
	GlobalSection(SolutionProperties) = preSolution
		HideSolutionNode = FALSE
	EndGlobalSection
	GlobalSection(ExtensibilityGlobals) = postSolution
		SolutionGuid = {7EBE2435-0716-4D19-AE3F-9E80BBF6FCE3}
	EndGlobalSection
EndGlobal
